{
  "object": {
    "pins": [
      {
        "package": "Adapter",
        "repositoryURL": "https://github.com/amit-bhavsar/Adapter",
        "state": {
          "branch": "Concurrency",
          "revision": "61073a17366ca8621137ee68c1e6169cc48d748b",
          "version": null
        }
      },
      {
        "package": "Alamofire",
        "repositoryURL": "https://github.com/Alamofire/Alamofire.git",
        "state": {
          "branch": null,
          "revision": "f82c23a8a7ef8dc1a49a8bfc6a96883e79121864",
          "version": "5.5.0"
        }
      },
      {
        "package": "Kingfisher",
        "repositoryURL": "https://github.com/onevcat/Kingfisher",
        "state": {
          "branch": null,
          "revision": "44450a8f564d7c0165f736ba2250649ff8d3e556",
          "version": "6.3.0"
        }
      }
    ]
  },
  "version": 1
}
